
Microsoft Visual Studio Solution File, Format Version 12.00
# Visual Studio Version 16
VisualStudioVersion = 16.0.31321.278
MinimumVisualStudioVersion = 10.0.40219.1
Project("{FAE04EC0-301F-11D3-BF4B-00C04F79EFBC}") = "SalesWebMVC", "SalesWebMVC\SalesWebMVC.csproj", "{9C8719A8-DE0B-4870-99A9-25F4E2DEACFC}"
EndProject
Global
	GlobalSection(SolutionConfigurationPlatforms) = preSolution
		Debug|Any CPU = Debug|Any CPU
		Release|Any CPU = Release|Any CPU
	EndGlobalSection
	GlobalSection(ProjectConfigurationPlatforms) = postSolution
		{9C8719A8-DE0B-4870-99A9-25F4E2DEACFC}.Debug|Any CPU.ActiveCfg = Debug|Any CPU
		{9C8719A8-DE0B-4870-99A9-25F4E2DEACFC}.Debug|Any CPU.Build.0 = Debug|Any CPU
		{9C8719A8-DE0B-4870-99A9-25F4E2DEACFC}.Release|Any CPU.ActiveCfg = Release|Any CPU
		{9C8719A8-DE0B-4870-99A9-25F4E2DEACFC}.Release|Any CPU.Build.0 = Release|Any CPU
	EndGlobalSection
	GlobalSection(SolutionProperties) = preSolution
		HideSolutionNode = FALSE
	EndGlobalSection
	GlobalSection(ExtensibilityGlobals) = postSolution
		SolutionGuid = {4FDDDEEB-C4A2-4A56-94A7-10CE3790DE20}
	EndGlobalSection
EndGlobal
